// !$*UTF8*$!
{
	archiveVersion = 1;
	classes = {
	};
	objectVersion = 50;
	objects = {

/* Begin PBXBuildFile section */
		1B6C4A10250E9B24001D1327 /* UIColor+RGB.swift in Sources */ = {isa = PBXBuildFile; fileRef = 4054EB692140576800740BE8 /* UIColor+RGB.swift */; };
		1B6C4A11250E9C06001D1327 /* ErrorFactory.swift in Sources */ = {isa = PBXBuildFile; fileRef = 4054EB5A214056EE00740BE8 /* ErrorFactory.swift */; };
		1B6C4A12250E9C0F001D1327 /* ColorPalette.swift in Sources */ = {isa = PBXBuildFile; fileRef = 4054EB642140576800740BE8 /* ColorPalette.swift */; };
		1B6C4A13250E9C0F001D1327 /* CustomColor.swift in Sources */ = {isa = PBXBuildFile; fileRef = 1B943DAB250D467400040142 /* CustomColor.swift */; };
		1B6C4A14250E9C0F001D1327 /* ColorGroup.swift in Sources */ = {isa = PBXBuildFile; fileRef = 4054EB652140576800740BE8 /* ColorGroup.swift */; };
		1B6C4A15250E9C0F001D1327 /* ColorPalette.json in Resources */ = {isa = PBXBuildFile; fileRef = 4054EB632140576800740BE8 /* ColorPalette.json */; };
		1B6C4A16250E9C1A001D1327 /* Palette.swift in Sources */ = {isa = PBXBuildFile; fileRef = 4054EB672140576800740BE8 /* Palette.swift */; };
		1B6C4A17250E9C20001D1327 /* Utility.swift in Sources */ = {isa = PBXBuildFile; fileRef = 4054EB4F214056ED00740BE8 /* Utility.swift */; };
		1B943DAC250D467400040142 /* CustomColor.swift in Sources */ = {isa = PBXBuildFile; fileRef = 1B943DAB250D467400040142 /* CustomColor.swift */; };
		403996A821DE9E650069D7C3 /* Device.swift in Sources */ = {isa = PBXBuildFile; fileRef = 403996A721DE9E650069D7C3 /* Device.swift */; };
		403996AC21DEA01D0069D7C3 /* iOSDevice.swift in Sources */ = {isa = PBXBuildFile; fileRef = 403996AB21DEA01D0069D7C3 /* iOSDevice.swift */; };
		4054EB3E214056D900740BE8 /* Helpers.framework in Frameworks */ = {isa = PBXBuildFile; fileRef = 4054EB34214056D800740BE8 /* Helpers.framework */; };
		4054EB43214056D900740BE8 /* HelpersTests.swift in Sources */ = {isa = PBXBuildFile; fileRef = 4054EB42214056D900740BE8 /* HelpersTests.swift */; };
		4054EB45214056D900740BE8 /* Helpers.h in Headers */ = {isa = PBXBuildFile; fileRef = 4054EB37214056D800740BE8 /* Helpers.h */; settings = {ATTRIBUTES = (Public, ); }; };
		4054EB5B214056EE00740BE8 /* Utility.swift in Sources */ = {isa = PBXBuildFile; fileRef = 4054EB4F214056ED00740BE8 /* Utility.swift */; };
		4054EB62214056EE00740BE8 /* ErrorFactory.swift in Sources */ = {isa = PBXBuildFile; fileRef = 4054EB5A214056EE00740BE8 /* ErrorFactory.swift */; };
		4054EB6A2140576800740BE8 /* ColorPalette.json in Resources */ = {isa = PBXBuildFile; fileRef = 4054EB632140576800740BE8 /* ColorPalette.json */; };
		4054EB6B2140576800740BE8 /* ColorPalette.swift in Sources */ = {isa = PBXBuildFile; fileRef = 4054EB642140576800740BE8 /* ColorPalette.swift */; };
		4054EB6C2140576800740BE8 /* ColorGroup.swift in Sources */ = {isa = PBXBuildFile; fileRef = 4054EB652140576800740BE8 /* ColorGroup.swift */; };
		4054EB6E2140576800740BE8 /* Palette.swift in Sources */ = {isa = PBXBuildFile; fileRef = 4054EB672140576800740BE8 /* Palette.swift */; };
		4054EB6F2140576800740BE8 /* UIColor+RGB.swift in Sources */ = {isa = PBXBuildFile; fileRef = 4054EB692140576800740BE8 /* UIColor+RGB.swift */; };
		40E9491A21F1285600FDC0CA /* HelpersWatch.h in Headers */ = {isa = PBXBuildFile; fileRef = 40E9491821F1285600FDC0CA /* HelpersWatch.h */; settings = {ATTRIBUTES = (Public, ); }; };
		40E9491E21F1286C00FDC0CA /* Device.swift in Sources */ = {isa = PBXBuildFile; fileRef = 403996A721DE9E650069D7C3 /* Device.swift */; };
		40E9492021F1288E00FDC0CA /* watchOSDevice.swift in Sources */ = {isa = PBXBuildFile; fileRef = 403996AD21DEA0250069D7C3 /* watchOSDevice.swift */; };
		40E9492221F13EB900FDC0CA /* AlertView.swift in Sources */ = {isa = PBXBuildFile; fileRef = 40E9492121F13EB900FDC0CA /* AlertView.swift */; };
		40E9492321F13EB900FDC0CA /* AlertView.swift in Sources */ = {isa = PBXBuildFile; fileRef = 40E9492121F13EB900FDC0CA /* AlertView.swift */; };
/* End PBXBuildFile section */

/* Begin PBXContainerItemProxy section */
		4054EB3F214056D900740BE8 /* PBXContainerItemProxy */ = {
			isa = PBXContainerItemProxy;
			containerPortal = 4054EB2B214056D800740BE8 /* Project object */;
			proxyType = 1;
			remoteGlobalIDString = 4054EB33214056D800740BE8;
			remoteInfo = Helpers;
		};
/* End PBXContainerItemProxy section */

/* Begin PBXFileReference section */
		1B943DAB250D467400040142 /* CustomColor.swift */ = {isa = PBXFileReference; fileEncoding = 4; lastKnownFileType = sourcecode.swift; path = CustomColor.swift; sourceTree = "<group>"; };
		403996A721DE9E650069D7C3 /* Device.swift */ = {isa = PBXFileReference; lastKnownFileType = sourcecode.swift; path = Device.swift; sourceTree = "<group>"; };
		403996AB21DEA01D0069D7C3 /* iOSDevice.swift */ = {isa = PBXFileReference; lastKnownFileType = sourcecode.swift; path = iOSDevice.swift; sourceTree = "<group>"; };
		403996AD21DEA0250069D7C3 /* watchOSDevice.swift */ = {isa = PBXFileReference; lastKnownFileType = sourcecode.swift; path = watchOSDevice.swift; sourceTree = "<group>"; };
		4054EB34214056D800740BE8 /* Helpers.framework */ = {isa = PBXFileReference; explicitFileType = wrapper.framework; includeInIndex = 0; path = Helpers.framework; sourceTree = BUILT_PRODUCTS_DIR; };
		4054EB37214056D800740BE8 /* Helpers.h */ = {isa = PBXFileReference; lastKnownFileType = sourcecode.c.h; path = Helpers.h; sourceTree = "<group>"; };
		4054EB38214056D800740BE8 /* Info.plist */ = {isa = PBXFileReference; lastKnownFileType = text.plist.xml; path = Info.plist; sourceTree = "<group>"; };
		4054EB3D214056D900740BE8 /* HelpersTests.xctest */ = {isa = PBXFileReference; explicitFileType = wrapper.cfbundle; includeInIndex = 0; path = HelpersTests.xctest; sourceTree = BUILT_PRODUCTS_DIR; };
		4054EB42214056D900740BE8 /* HelpersTests.swift */ = {isa = PBXFileReference; lastKnownFileType = sourcecode.swift; path = HelpersTests.swift; sourceTree = "<group>"; };
		4054EB44214056D900740BE8 /* Info.plist */ = {isa = PBXFileReference; lastKnownFileType = text.plist.xml; path = Info.plist; sourceTree = "<group>"; };
		4054EB4F214056ED00740BE8 /* Utility.swift */ = {isa = PBXFileReference; fileEncoding = 4; lastKnownFileType = sourcecode.swift; path = Utility.swift; sourceTree = "<group>"; };
		4054EB5A214056EE00740BE8 /* ErrorFactory.swift */ = {isa = PBXFileReference; fileEncoding = 4; lastKnownFileType = sourcecode.swift; path = ErrorFactory.swift; sourceTree = "<group>"; };
		4054EB632140576800740BE8 /* ColorPalette.json */ = {isa = PBXFileReference; fileEncoding = 4; lastKnownFileType = text.json; path = ColorPalette.json; sourceTree = "<group>"; };
		4054EB642140576800740BE8 /* ColorPalette.swift */ = {isa = PBXFileReference; fileEncoding = 4; lastKnownFileType = sourcecode.swift; path = ColorPalette.swift; sourceTree = "<group>"; };
		4054EB652140576800740BE8 /* ColorGroup.swift */ = {isa = PBXFileReference; fileEncoding = 4; lastKnownFileType = sourcecode.swift; path = ColorGroup.swift; sourceTree = "<group>"; };
		4054EB672140576800740BE8 /* Palette.swift */ = {isa = PBXFileReference; fileEncoding = 4; lastKnownFileType = sourcecode.swift; path = Palette.swift; sourceTree = "<group>"; };
		4054EB692140576800740BE8 /* UIColor+RGB.swift */ = {isa = PBXFileReference; fileEncoding = 4; lastKnownFileType = sourcecode.swift; path = "UIColor+RGB.swift"; sourceTree = "<group>"; };
		40E9491621F1285600FDC0CA /* HelpersWatch.framework */ = {isa = PBXFileReference; explicitFileType = wrapper.framework; includeInIndex = 0; path = HelpersWatch.framework; sourceTree = BUILT_PRODUCTS_DIR; };
		40E9491821F1285600FDC0CA /* HelpersWatch.h */ = {isa = PBXFileReference; lastKnownFileType = sourcecode.c.h; path = HelpersWatch.h; sourceTree = "<group>"; };
		40E9491921F1285600FDC0CA /* Info.plist */ = {isa = PBXFileReference; lastKnownFileType = text.plist.xml; path = Info.plist; sourceTree = "<group>"; };
		40E9492121F13EB900FDC0CA /* AlertView.swift */ = {isa = PBXFileReference; lastKnownFileType = sourcecode.swift; path = AlertView.swift; sourceTree = "<group>"; };
/* End PBXFileReference section */

/* Begin PBXFrameworksBuildPhase section */
		4054EB30214056D800740BE8 /* Frameworks */ = {
			isa = PBXFrameworksBuildPhase;
			buildActionMask = 2147483647;
			files = (
			);
			runOnlyForDeploymentPostprocessing = 0;
		};
		4054EB3A214056D900740BE8 /* Frameworks */ = {
			isa = PBXFrameworksBuildPhase;
			buildActionMask = 2147483647;
			files = (
				4054EB3E214056D900740BE8 /* Helpers.framework in Frameworks */,
			);
			runOnlyForDeploymentPostprocessing = 0;
		};
		40E9491321F1285600FDC0CA /* Frameworks */ = {
			isa = PBXFrameworksBuildPhase;
			buildActionMask = 2147483647;
			files = (
			);
			runOnlyForDeploymentPostprocessing = 0;
		};
/* End PBXFrameworksBuildPhase section */

/* Begin PBXGroup section */
		403996A621DE9E2E0069D7C3 /* Device */ = {
			isa = PBXGroup;
			children = (
				403996A721DE9E650069D7C3 /* Device.swift */,
				40E9492121F13EB900FDC0CA /* AlertView.swift */,
			);
			path = Device;
			sourceTree = "<group>";
		};
		403996A921DE9FC30069D7C3 /* iOS */ = {
			isa = PBXGroup;
			children = (
				403996B121DEA2280069D7C3 /* Device */,
			);
			path = iOS;
			sourceTree = "<group>";
		};
		403996AA21DE9FD10069D7C3 /* watchOS */ = {
			isa = PBXGroup;
			children = (
				403996B021DEA2200069D7C3 /* Device */,
			);
			path = watchOS;
			sourceTree = "<group>";
		};
		403996AF21DEA15D0069D7C3 /* MultiPlatform */ = {
			isa = PBXGroup;
			children = (
				403996A621DE9E2E0069D7C3 /* Device */,
				4054EB59214056EE00740BE8 /* Error */,
				4054EB50214056ED00740BE8 /* Style */,
				4054EB4E214056ED00740BE8 /* Utility */,
			);
			path = MultiPlatform;
			sourceTree = "<group>";
		};
		403996B021DEA2200069D7C3 /* Device */ = {
			isa = PBXGroup;
			children = (
				403996AD21DEA0250069D7C3 /* watchOSDevice.swift */,
			);
			path = Device;
			sourceTree = "<group>";
		};
		403996B121DEA2280069D7C3 /* Device */ = {
			isa = PBXGroup;
			children = (
				403996AB21DEA01D0069D7C3 /* iOSDevice.swift */,
			);
			path = Device;
			sourceTree = "<group>";
		};
		4054EB2A214056D800740BE8 = {
			isa = PBXGroup;
			children = (
				4054EB36214056D800740BE8 /* Helpers */,
				4054EB41214056D900740BE8 /* HelpersTests */,
				40E9491721F1285600FDC0CA /* HelpersWatch */,
				4054EB35214056D800740BE8 /* Products */,
			);
			sourceTree = "<group>";
		};
		4054EB35214056D800740BE8 /* Products */ = {
			isa = PBXGroup;
			children = (
				4054EB34214056D800740BE8 /* Helpers.framework */,
				4054EB3D214056D900740BE8 /* HelpersTests.xctest */,
				40E9491621F1285600FDC0CA /* HelpersWatch.framework */,
			);
			name = Products;
			sourceTree = "<group>";
		};
		4054EB36214056D800740BE8 /* Helpers */ = {
			isa = PBXGroup;
			children = (
				403996AF21DEA15D0069D7C3 /* MultiPlatform */,
				403996AA21DE9FD10069D7C3 /* watchOS */,
				403996A921DE9FC30069D7C3 /* iOS */,
				4054EB37214056D800740BE8 /* Helpers.h */,
				4054EB38214056D800740BE8 /* Info.plist */,
			);
			path = Helpers;
			sourceTree = "<group>";
		};
		4054EB41214056D900740BE8 /* HelpersTests */ = {
			isa = PBXGroup;
			children = (
				4054EB42214056D900740BE8 /* HelpersTests.swift */,
				4054EB44214056D900740BE8 /* Info.plist */,
			);
			path = HelpersTests;
			sourceTree = "<group>";
		};
		4054EB4E214056ED00740BE8 /* Utility */ = {
			isa = PBXGroup;
			children = (
				4054EB4F214056ED00740BE8 /* Utility.swift */,
			);
			path = Utility;
			sourceTree = "<group>";
		};
		4054EB50214056ED00740BE8 /* Style */ = {
			isa = PBXGroup;
			children = (
				1B943DAB250D467400040142 /* CustomColor.swift */,
				4054EB652140576800740BE8 /* ColorGroup.swift */,
				4054EB632140576800740BE8 /* ColorPalette.json */,
				4054EB642140576800740BE8 /* ColorPalette.swift */,
				4054EB682140576800740BE8 /* Extensions */,
				4054EB672140576800740BE8 /* Palette.swift */,
			);
			path = Style;
			sourceTree = "<group>";
		};
		4054EB59214056EE00740BE8 /* Error */ = {
			isa = PBXGroup;
			children = (
				4054EB5A214056EE00740BE8 /* ErrorFactory.swift */,
			);
			path = Error;
			sourceTree = "<group>";
		};
		4054EB682140576800740BE8 /* Extensions */ = {
			isa = PBXGroup;
			children = (
				4054EB692140576800740BE8 /* UIColor+RGB.swift */,
			);
			path = Extensions;
			sourceTree = "<group>";
		};
		40E9491721F1285600FDC0CA /* HelpersWatch */ = {
			isa = PBXGroup;
			children = (
				40E9491821F1285600FDC0CA /* HelpersWatch.h */,
				40E9491921F1285600FDC0CA /* Info.plist */,
			);
			path = HelpersWatch;
			sourceTree = "<group>";
		};
/* End PBXGroup section */

/* Begin PBXHeadersBuildPhase section */
		4054EB31214056D800740BE8 /* Headers */ = {
			isa = PBXHeadersBuildPhase;
			buildActionMask = 2147483647;
			files = (
				4054EB45214056D900740BE8 /* Helpers.h in Headers */,
			);
			runOnlyForDeploymentPostprocessing = 0;
		};
		40E9491121F1285600FDC0CA /* Headers */ = {
			isa = PBXHeadersBuildPhase;
			buildActionMask = 2147483647;
			files = (
				40E9491A21F1285600FDC0CA /* HelpersWatch.h in Headers */,
			);
			runOnlyForDeploymentPostprocessing = 0;
		};
/* End PBXHeadersBuildPhase section */

/* Begin PBXNativeTarget section */
		4054EB33214056D800740BE8 /* Helpers */ = {
			isa = PBXNativeTarget;
			buildConfigurationList = 4054EB48214056D900740BE8 /* Build configuration list for PBXNativeTarget "Helpers" */;
			buildPhases = (
				4054EB2F214056D800740BE8 /* Sources */,
				4054EB30214056D800740BE8 /* Frameworks */,
				4054EB31214056D800740BE8 /* Headers */,
				4054EB32214056D800740BE8 /* Resources */,
			);
			buildRules = (
			);
			dependencies = (
			);
			name = Helpers;
			productName = Helpers;
			productReference = 4054EB34214056D800740BE8 /* Helpers.framework */;
			productType = "com.apple.product-type.framework";
		};
		4054EB3C214056D900740BE8 /* HelpersTests */ = {
			isa = PBXNativeTarget;
			buildConfigurationList = 4054EB4B214056D900740BE8 /* Build configuration list for PBXNativeTarget "HelpersTests" */;
			buildPhases = (
				4054EB39214056D900740BE8 /* Sources */,
				4054EB3A214056D900740BE8 /* Frameworks */,
				4054EB3B214056D900740BE8 /* Resources */,
			);
			buildRules = (
			);
			dependencies = (
				4054EB40214056D900740BE8 /* PBXTargetDependency */,
			);
			name = HelpersTests;
			productName = HelpersTests;
			productReference = 4054EB3D214056D900740BE8 /* HelpersTests.xctest */;
			productType = "com.apple.product-type.bundle.unit-test";
		};
		40E9491521F1285600FDC0CA /* HelpersWatch */ = {
			isa = PBXNativeTarget;
			buildConfigurationList = 40E9491B21F1285600FDC0CA /* Build configuration list for PBXNativeTarget "HelpersWatch" */;
			buildPhases = (
				40E9491121F1285600FDC0CA /* Headers */,
				40E9491221F1285600FDC0CA /* Sources */,
				40E9491321F1285600FDC0CA /* Frameworks */,
				40E9491421F1285600FDC0CA /* Resources */,
			);
			buildRules = (
			);
			dependencies = (
			);
			name = HelpersWatch;
			productName = HelpersWatch;
			productReference = 40E9491621F1285600FDC0CA /* HelpersWatch.framework */;
			productType = "com.apple.product-type.framework";
		};
/* End PBXNativeTarget section */

/* Begin PBXProject section */
		4054EB2B214056D800740BE8 /* Project object */ = {
			isa = PBXProject;
			attributes = {
				LastSwiftUpdateCheck = 0940;
				LastUpgradeCheck = 0940;
				ORGANIZATIONNAME = "Cristian Barril";
				TargetAttributes = {
					4054EB33214056D800740BE8 = {
						CreatedOnToolsVersion = 9.4.1;
					};
					4054EB3C214056D900740BE8 = {
						CreatedOnToolsVersion = 9.4.1;
					};
					40E9491521F1285600FDC0CA = {
						CreatedOnToolsVersion = 10.1;
					};
				};
			};
			buildConfigurationList = 4054EB2E214056D800740BE8 /* Build configuration list for PBXProject "Helpers" */;
			compatibilityVersion = "Xcode 9.3";
			developmentRegion = en;
			hasScannedForEncodings = 0;
			knownRegions = (
				en,
				Base,
			);
			mainGroup = 4054EB2A214056D800740BE8;
			productRefGroup = 4054EB35214056D800740BE8 /* Products */;
			projectDirPath = "";
			projectRoot = "";
			targets = (
				4054EB33214056D800740BE8 /* Helpers */,
				4054EB3C214056D900740BE8 /* HelpersTests */,
				40E9491521F1285600FDC0CA /* HelpersWatch */,
			);
		};
/* End PBXProject section */

/* Begin PBXResourcesBuildPhase section */
		4054EB32214056D800740BE8 /* Resources */ = {
			isa = PBXResourcesBuildPhase;
			buildActionMask = 2147483647;
			files = (
				4054EB6A2140576800740BE8 /* ColorPalette.json in Resources */,
			);
			runOnlyForDeploymentPostprocessing = 0;
		};
		4054EB3B214056D900740BE8 /* Resources */ = {
			isa = PBXResourcesBuildPhase;
			buildActionMask = 2147483647;
			files = (
			);
			runOnlyForDeploymentPostprocessing = 0;
		};
		40E9491421F1285600FDC0CA /* Resources */ = {
			isa = PBXResourcesBuildPhase;
			buildActionMask = 2147483647;
			files = (
				1B6C4A15250E9C0F001D1327 /* ColorPalette.json in Resources */,
			);
			runOnlyForDeploymentPostprocessing = 0;
		};
/* End PBXResourcesBuildPhase section */

/* Begin PBXSourcesBuildPhase section */
		4054EB2F214056D800740BE8 /* Sources */ = {
			isa = PBXSourcesBuildPhase;
			buildActionMask = 2147483647;
			files = (
				4054EB5B214056EE00740BE8 /* Utility.swift in Sources */,
				4054EB6F2140576800740BE8 /* UIColor+RGB.swift in Sources */,
				4054EB62214056EE00740BE8 /* ErrorFactory.swift in Sources */,
				4054EB6B2140576800740BE8 /* ColorPalette.swift in Sources */,
				4054EB6E2140576800740BE8 /* Palette.swift in Sources */,
				40E9492221F13EB900FDC0CA /* AlertView.swift in Sources */,
				4054EB6C2140576800740BE8 /* ColorGroup.swift in Sources */,
				403996A821DE9E650069D7C3 /* Device.swift in Sources */,
				1B943DAC250D467400040142 /* CustomColor.swift in Sources */,
				403996AC21DEA01D0069D7C3 /* iOSDevice.swift in Sources */,
			);
			runOnlyForDeploymentPostprocessing = 0;
		};
		4054EB39214056D900740BE8 /* Sources */ = {
			isa = PBXSourcesBuildPhase;
			buildActionMask = 2147483647;
			files = (
				4054EB43214056D900740BE8 /* HelpersTests.swift in Sources */,
			);
			runOnlyForDeploymentPostprocessing = 0;
		};
		40E9491221F1285600FDC0CA /* Sources */ = {
			isa = PBXSourcesBuildPhase;
			buildActionMask = 2147483647;
			files = (
				1B6C4A17250E9C20001D1327 /* Utility.swift in Sources */,
				40E9492021F1288E00FDC0CA /* watchOSDevice.swift in Sources */,
				1B6C4A13250E9C0F001D1327 /* CustomColor.swift in Sources */,
				40E9491E21F1286C00FDC0CA /* Device.swift in Sources */,
				1B6C4A16250E9C1A001D1327 /* Palette.swift in Sources */,
				1B6C4A11250E9C06001D1327 /* ErrorFactory.swift in Sources */,
				40E9492321F13EB900FDC0CA /* AlertView.swift in Sources */,
				1B6C4A10250E9B24001D1327 /* UIColor+RGB.swift in Sources */,
				1B6C4A12250E9C0F001D1327 /* ColorPalette.swift in Sources */,
				1B6C4A14250E9C0F001D1327 /* ColorGroup.swift in Sources */,
			);
			runOnlyForDeploymentPostprocessing = 0;
		};
/* End PBXSourcesBuildPhase section */

/* Begin PBXTargetDependency section */
		4054EB40214056D900740BE8 /* PBXTargetDependency */ = {
			isa = PBXTargetDependency;
			target = 4054EB33214056D800740BE8 /* Helpers */;
			targetProxy = 4054EB3F214056D900740BE8 /* PBXContainerItemProxy */;
		};
/* End PBXTargetDependency section */

/* Begin XCBuildConfiguration section */
		4054EB46214056D900740BE8 /* Debug */ = {
			isa = XCBuildConfiguration;
			buildSettings = {
				ALWAYS_SEARCH_USER_PATHS = NO;
				CLANG_ANALYZER_NONNULL = YES;
				CLANG_ANALYZER_NUMBER_OBJECT_CONVERSION = YES_AGGRESSIVE;
				CLANG_CXX_LANGUAGE_STANDARD = "gnu++14";
				CLANG_CXX_LIBRARY = "libc++";
				CLANG_ENABLE_MODULES = YES;
				CLANG_ENABLE_OBJC_ARC = YES;
				CLANG_ENABLE_OBJC_WEAK = YES;
				CLANG_WARN_BLOCK_CAPTURE_AUTORELEASING = YES;
				CLANG_WARN_BOOL_CONVERSION = YES;
				CLANG_WARN_COMMA = YES;
				CLANG_WARN_CONSTANT_CONVERSION = YES;
				CLANG_WARN_DEPRECATED_OBJC_IMPLEMENTATIONS = YES;
				CLANG_WARN_DIRECT_OBJC_ISA_USAGE = YES_ERROR;
				CLANG_WARN_DOCUMENTATION_COMMENTS = YES;
				CLANG_WARN_EMPTY_BODY = YES;
				CLANG_WARN_ENUM_CONVERSION = YES;
				CLANG_WARN_INFINITE_RECURSION = YES;
				CLANG_WARN_INT_CONVERSION = YES;
				CLANG_WARN_NON_LITERAL_NULL_CONVERSION = YES;
				CLANG_WARN_OBJC_IMPLICIT_RETAIN_SELF = YES;
				CLANG_WARN_OBJC_LITERAL_CONVERSION = YES;
				CLANG_WARN_OBJC_ROOT_CLASS = YES_ERROR;
				CLANG_WARN_RANGE_LOOP_ANALYSIS = YES;
				CLANG_WARN_STRICT_PROTOTYPES = YES;
				CLANG_WARN_SUSPICIOUS_MOVE = YES;
				CLANG_WARN_UNGUARDED_AVAILABILITY = YES_AGGRESSIVE;
				CLANG_WARN_UNREACHABLE_CODE = YES;
				CLANG_WARN__DUPLICATE_METHOD_MATCH = YES;
				CODE_SIGN_IDENTITY = "iPhone Developer";
				COPY_PHASE_STRIP = NO;
				CURRENT_PROJECT_VERSION = 1;
				DEBUG_INFORMATION_FORMAT = dwarf;
				ENABLE_STRICT_OBJC_MSGSEND = YES;
				ENABLE_TESTABILITY = YES;
				GCC_C_LANGUAGE_STANDARD = gnu11;
				GCC_DYNAMIC_NO_PIC = NO;
				GCC_NO_COMMON_BLOCKS = YES;
				GCC_OPTIMIZATION_LEVEL = 0;
				GCC_PREPROCESSOR_DEFINITIONS = (
					"DEBUG=1",
					"$(inherited)",
				);
				GCC_WARN_64_TO_32_BIT_CONVERSION = YES;
				GCC_WARN_ABOUT_RETURN_TYPE = YES_ERROR;
				GCC_WARN_UNDECLARED_SELECTOR = YES;
				GCC_WARN_UNINITIALIZED_AUTOS = YES_AGGRESSIVE;
				GCC_WARN_UNUSED_FUNCTION = YES;
				GCC_WARN_UNUSED_VARIABLE = YES;
				IPHONEOS_DEPLOYMENT_TARGET = 11.4;
				MTL_ENABLE_DEBUG_INFO = YES;
				ONLY_ACTIVE_ARCH = YES;
				SDKROOT = iphoneos;
				SWIFT_ACTIVE_COMPILATION_CONDITIONS = DEBUG;
				SWIFT_OPTIMIZATION_LEVEL = "-Onone";
				VERSIONING_SYSTEM = "apple-generic";
				VERSION_INFO_PREFIX = "";
			};
			name = Debug;
		};
		4054EB47214056D900740BE8 /* Release */ = {
			isa = XCBuildConfiguration;
			buildSettings = {
				ALWAYS_SEARCH_USER_PATHS = NO;
				CLANG_ANALYZER_NONNULL = YES;
				CLANG_ANALYZER_NUMBER_OBJECT_CONVERSION = YES_AGGRESSIVE;
				CLANG_CXX_LANGUAGE_STANDARD = "gnu++14";
				CLANG_CXX_LIBRARY = "libc++";
				CLANG_ENABLE_MODULES = YES;
				CLANG_ENABLE_OBJC_ARC = YES;
				CLANG_ENABLE_OBJC_WEAK = YES;
				CLANG_WARN_BLOCK_CAPTURE_AUTORELEASING = YES;
				CLANG_WARN_BOOL_CONVERSION = YES;
				CLANG_WARN_COMMA = YES;
				CLANG_WARN_CONSTANT_CONVERSION = YES;
				CLANG_WARN_DEPRECATED_OBJC_IMPLEMENTATIONS = YES;
				CLANG_WARN_DIRECT_OBJC_ISA_USAGE = YES_ERROR;
				CLANG_WARN_DOCUMENTATION_COMMENTS = YES;
				CLANG_WARN_EMPTY_BODY = YES;
				CLANG_WARN_ENUM_CONVERSION = YES;
				CLANG_WARN_INFINITE_RECURSION = YES;
				CLANG_WARN_INT_CONVERSION = YES;
				CLANG_WARN_NON_LITERAL_NULL_CONVERSION = YES;
				CLANG_WARN_OBJC_IMPLICIT_RETAIN_SELF = YES;
				CLANG_WARN_OBJC_LITERAL_CONVERSION = YES;
				CLANG_WARN_OBJC_ROOT_CLASS = YES_ERROR;
				CLANG_WARN_RANGE_LOOP_ANALYSIS = YES;
				CLANG_WARN_STRICT_PROTOTYPES = YES;
				CLANG_WARN_SUSPICIOUS_MOVE = YES;
				CLANG_WARN_UNGUARDED_AVAILABILITY = YES_AGGRESSIVE;
				CLANG_WARN_UNREACHABLE_CODE = YES;
				CLANG_WARN__DUPLICATE_METHOD_MATCH = YES;
				CODE_SIGN_IDENTITY = "iPhone Developer";
				COPY_PHASE_STRIP = NO;
				CURRENT_PROJECT_VERSION = 1;
				DEBUG_INFORMATION_FORMAT = "dwarf-with-dsym";
				ENABLE_NS_ASSERTIONS = NO;
				ENABLE_STRICT_OBJC_MSGSEND = YES;
				GCC_C_LANGUAGE_STANDARD = gnu11;
				GCC_NO_COMMON_BLOCKS = YES;
				GCC_WARN_64_TO_32_BIT_CONVERSION = YES;
				GCC_WARN_ABOUT_RETURN_TYPE = YES_ERROR;
				GCC_WARN_UNDECLARED_SELECTOR = YES;
				GCC_WARN_UNINITIALIZED_AUTOS = YES_AGGRESSIVE;
				GCC_WARN_UNUSED_FUNCTION = YES;
				GCC_WARN_UNUSED_VARIABLE = YES;
				IPHONEOS_DEPLOYMENT_TARGET = 11.4;
				MTL_ENABLE_DEBUG_INFO = NO;
				SDKROOT = iphoneos;
				SWIFT_COMPILATION_MODE = wholemodule;
				SWIFT_OPTIMIZATION_LEVEL = "-O";
				VALIDATE_PRODUCT = YES;
				VERSIONING_SYSTEM = "apple-generic";
				VERSION_INFO_PREFIX = "";
			};
			name = Release;
		};
		4054EB49214056D900740BE8 /* Debug */ = {
			isa = XCBuildConfiguration;
			buildSettings = {
				CODE_SIGN_IDENTITY = "";
				CODE_SIGN_STYLE = Automatic;
				DEFINES_MODULE = YES;
				DEVELOPMENT_TEAM = TDPW677V66;
				DYLIB_COMPATIBILITY_VERSION = 1;
				DYLIB_CURRENT_VERSION = 1;
				DYLIB_INSTALL_NAME_BASE = "@rpath";
				INFOPLIST_FILE = Helpers/Info.plist;
				INSTALL_PATH = "$(LOCAL_LIBRARY_DIR)/Frameworks";
				IPHONEOS_DEPLOYMENT_TARGET = 12.0;
				LD_RUNPATH_SEARCH_PATHS = (
					"$(inherited)",
					"@executable_path/Frameworks",
					"@loader_path/Frameworks",
				);
				MARKETING_VERSION = 0.0.8;
				PRODUCT_BUNDLE_IDENTIFIER = "Cristian-Barril.Helpers";
				PRODUCT_NAME = "$(TARGET_NAME:c99extidentifier)";
				SKIP_INSTALL = YES;
				SUPPORTS_MACCATALYST = NO;
				SWIFT_VERSION = 5.0;
				TARGETED_DEVICE_FAMILY = "1,2";
			};
			name = Debug;
		};
		4054EB4A214056D900740BE8 /* Release */ = {
			isa = XCBuildConfiguration;
			buildSettings = {
				CODE_SIGN_IDENTITY = "";
				CODE_SIGN_STYLE = Automatic;
				DEFINES_MODULE = YES;
				DEVELOPMENT_TEAM = TDPW677V66;
				DYLIB_COMPATIBILITY_VERSION = 1;
				DYLIB_CURRENT_VERSION = 1;
				DYLIB_INSTALL_NAME_BASE = "@rpath";
				INFOPLIST_FILE = Helpers/Info.plist;
				INSTALL_PATH = "$(LOCAL_LIBRARY_DIR)/Frameworks";
				IPHONEOS_DEPLOYMENT_TARGET = 12.0;
				LD_RUNPATH_SEARCH_PATHS = (
					"$(inherited)",
					"@executable_path/Frameworks",
					"@loader_path/Frameworks",
				);
				MARKETING_VERSION = 0.0.8;
				PRODUCT_BUNDLE_IDENTIFIER = "Cristian-Barril.Helpers";
				PRODUCT_NAME = "$(TARGET_NAME:c99extidentifier)";
				SKIP_INSTALL = YES;
				SUPPORTS_MACCATALYST = NO;
				SWIFT_VERSION = 5.0;
				TARGETED_DEVICE_FAMILY = "1,2";
			};
			name = Release;
		};
		4054EB4C214056D900740BE8 /* Debug */ = {
			isa = XCBuildConfiguration;
			buildSettings = {
				ALWAYS_EMBED_SWIFT_STANDARD_LIBRARIES = YES;
				CODE_SIGN_STYLE = Automatic;
				DEVELOPMENT_TEAM = TDPW677V66;
				INFOPLIST_FILE = HelpersTests/Info.plist;
				LD_RUNPATH_SEARCH_PATHS = (
					"$(inherited)",
					"@executable_path/Frameworks",
					"@loader_path/Frameworks",
				);
				PRODUCT_BUNDLE_IDENTIFIER = "Cristian-Barril.HelpersTests";
				PRODUCT_NAME = "$(TARGET_NAME)";
				SWIFT_VERSION = 5.0;
				TARGETED_DEVICE_FAMILY = "1,2";
			};
			name = Debug;
		};
		4054EB4D214056D900740BE8 /* Release */ = {
			isa = XCBuildConfiguration;
			buildSettings = {
				ALWAYS_EMBED_SWIFT_STANDARD_LIBRARIES = YES;
				CODE_SIGN_STYLE = Automatic;
				DEVELOPMENT_TEAM = TDPW677V66;
				INFOPLIST_FILE = HelpersTests/Info.plist;
				LD_RUNPATH_SEARCH_PATHS = (
					"$(inherited)",
					"@executable_path/Frameworks",
					"@loader_path/Frameworks",
				);
				PRODUCT_BUNDLE_IDENTIFIER = "Cristian-Barril.HelpersTests";
				PRODUCT_NAME = "$(TARGET_NAME)";
				SWIFT_VERSION = 5.0;
				TARGETED_DEVICE_FAMILY = "1,2";
			};
			name = Release;
		};
		40E9491C21F1285600FDC0CA /* Debug */ = {
			isa = XCBuildConfiguration;
			buildSettings = {
				APPLICATION_EXTENSION_API_ONLY = YES;
				CODE_SIGN_IDENTITY = "";
				CODE_SIGN_STYLE = Automatic;
				DEFINES_MODULE = YES;
				DYLIB_COMPATIBILITY_VERSION = 1;
				DYLIB_CURRENT_VERSION = 1;
				DYLIB_INSTALL_NAME_BASE = "@rpath";
				INFOPLIST_FILE = HelpersWatch/Info.plist;
				INSTALL_PATH = "$(LOCAL_LIBRARY_DIR)/Frameworks";
				LD_RUNPATH_SEARCH_PATHS = (
					"$(inherited)",
					"@executable_path/Frameworks",
					"@loader_path/Frameworks",
				);
				MARKETING_VERSION = 0.0.8;
				MTL_ENABLE_DEBUG_INFO = INCLUDE_SOURCE;
				MTL_FAST_MATH = YES;
				PRODUCT_BUNDLE_IDENTIFIER = crisbarril.HelpersWatch;
				PRODUCT_NAME = "$(TARGET_NAME:c99extidentifier)";
				SDKROOT = watchos;
				SKIP_INSTALL = YES;
				SWIFT_VERSION = 5.0;
				TARGETED_DEVICE_FAMILY = 4;
				WATCHOS_DEPLOYMENT_TARGET = 6.0;
			};
			name = Debug;
		};
		40E9491D21F1285600FDC0CA /* Release */ = {
			isa = XCBuildConfiguration;
			buildSettings = {
				APPLICATION_EXTENSION_API_ONLY = YES;
				CODE_SIGN_IDENTITY = "";
				CODE_SIGN_STYLE = Automatic;
				DEFINES_MODULE = YES;
				DYLIB_COMPATIBILITY_VERSION = 1;
				DYLIB_CURRENT_VERSION = 1;
				DYLIB_INSTALL_NAME_BASE = "@rpath";
				INFOPLIST_FILE = HelpersWatch/Info.plist;
				INSTALL_PATH = "$(LOCAL_LIBRARY_DIR)/Frameworks";
				LD_RUNPATH_SEARCH_PATHS = (
					"$(inherited)",
					"@executable_path/Frameworks",
					"@loader_path/Frameworks",
				);
				MARKETING_VERSION = 0.0.8;
				MTL_FAST_MATH = YES;
				PRODUCT_BUNDLE_IDENTIFIER = crisbarril.HelpersWatch;
				PRODUCT_NAME = "$(TARGET_NAME:c99extidentifier)";
				SDKROOT = watchos;
				SKIP_INSTALL = YES;
				SWIFT_VERSION = 5.0;
				TARGETED_DEVICE_FAMILY = 4;
				WATCHOS_DEPLOYMENT_TARGET = 6.0;
			};
			name = Release;
		};
/* End XCBuildConfiguration section */

/* Begin XCConfigurationList section */
		4054EB2E214056D800740BE8 /* Build configuration list for PBXProject "Helpers" */ = {
			isa = XCConfigurationList;
			buildConfigurations = (
				4054EB46214056D900740BE8 /* Debug */,
				4054EB47214056D900740BE8 /* Release */,
			);
			defaultConfigurationIsVisible = 0;
			defaultConfigurationName = Release;
		};
		4054EB48214056D900740BE8 /* Build configuration list for PBXNativeTarget "Helpers" */ = {
			isa = XCConfigurationList;
			buildConfigurations = (
				4054EB49214056D900740BE8 /* Debug */,
				4054EB4A214056D900740BE8 /* Release */,
			);
			defaultConfigurationIsVisible = 0;
			defaultConfigurationName = Release;
		};
		4054EB4B214056D900740BE8 /* Build configuration list for PBXNativeTarget "HelpersTests" */ = {
			isa = XCConfigurationList;
			buildConfigurations = (
				4054EB4C214056D900740BE8 /* Debug */,
				4054EB4D214056D900740BE8 /* Release */,
			);
			defaultConfigurationIsVisible = 0;
			defaultConfigurationName = Release;
		};
		40E9491B21F1285600FDC0CA /* Build configuration list for PBXNativeTarget "HelpersWatch" */ = {
			isa = XCConfigurationList;
			buildConfigurations = (
				40E9491C21F1285600FDC0CA /* Debug */,
				40E9491D21F1285600FDC0CA /* Release */,
			);
			defaultConfigurationIsVisible = 0;
			defaultConfigurationName = Release;
		};
/* End XCConfigurationList section */
	};
	rootObject = 4054EB2B214056D800740BE8 /* Project object */;
}
